# This file was autogenerated by Stack.
# You should not edit this file by hand.
# For more information, please see the documentation at:
#   https://docs.haskellstack.org/en/stable/lock_files

packages:
- completed:
    hackage: morpheus-graphql-0.9.1@sha256:8d39a130e4058db4a031ebf02705ddd21d06294d36f62a95803c40e0b18cc689,24194
    pantry-tree:
      size: 35507
      sha256: 395861a5a79ad0458ffec310ef1688a9e7c71bf7a6259c84f69e56ad37b3c698
  original:
    hackage: morpheus-graphql-0.9.1
snapshots:
- completed:
    size: 524996
    url: https://raw.githubusercontent.com/commercialhaskell/stackage-snapshots/master/lts/14/27.yaml
    sha256: 7ea31a280c56bf36ff591a7397cc384d0dff622e7f9e4225b47d8980f019a0f0
  original: lts-14.27
