# This file was autogenerated by Stack.
# You should not edit this file by hand.
# For more information, please see the documentation at:
#   https://docs.haskellstack.org/en/stable/lock_files

packages:
- completed:
    hackage: morpheus-graphql-0.4.0@sha256:73420c02c2807c9861d2fc52ed31691cae68a11e40051a1db99071e68507e625,21405
    pantry-tree:
      size: 29864
      sha256: 0122f4a63fc70ebb34fd1fda44d1de9fbee87730b0a071089813c2d69932a9ba
  original:
    hackage: morpheus-graphql-0.4.0
snapshots:
- completed:
    size: 523878
    url: https://raw.githubusercontent.com/commercialhaskell/stackage-snapshots/master/lts/14/3.yaml
    sha256: 470c46c27746a48c7c50f829efc0cf00112787a7804ee4ac7a27754658f6d92c
  original: lts-14.3
