# This file was autogenerated by Stack.
# You should not edit this file by hand.
# For more information, please see the documentation at:
#   https://docs.haskellstack.org/en/stable/lock_files

packages:
- completed:
    hackage: morpheus-graphql-0.6.2@sha256:10f85311c04af4a67526d36e899d154ff5dd01ff619282f024b44f6dd63e0817,20460
    pantry-tree:
      size: 29883
      sha256: 459da4efe4ae4688a60ec2aa960f3f35754ab234a7d34b9f5538fc0eaa6e3970
  original:
    hackage: morpheus-graphql-0.6.2
snapshots:
- completed:
    size: 523878
    url: https://raw.githubusercontent.com/commercialhaskell/stackage-snapshots/master/lts/14/3.yaml
    sha256: 470c46c27746a48c7c50f829efc0cf00112787a7804ee4ac7a27754658f6d92c
  original: lts-14.3
